// !$*UTF8*$!
{
	archiveVersion = 1;
	classes = {
	};
	objectVersion = 56;
	objects = {

/* Begin PBXBuildFile section */
		AF2CCB3A2939170A00B368FF /* AOCDay01App.swift in Sources */ = {isa = PBXBuildFile; fileRef = AF2CCB392939170A00B368FF /* AOCDay01App.swift */; };
		AF2CCB3C2939170A00B368FF /* ContentView.swift in Sources */ = {isa = PBXBuildFile; fileRef = AF2CCB3B2939170A00B368FF /* ContentView.swift */; };
		AF2CCB3E2939170B00B368FF /* Assets.xcassets in Resources */ = {isa = PBXBuildFile; fileRef = AF2CCB3D2939170B00B368FF /* Assets.xcassets */; };
		AF2CCB412939170B00B368FF /* Preview Assets.xcassets in Resources */ = {isa = PBXBuildFile; fileRef = AF2CCB402939170B00B368FF /* Preview Assets.xcassets */; };
		AF2CCB482939173200B368FF /* PuzzleInput.swift in Sources */ = {isa = PBXBuildFile; fileRef = AF2CCB472939173200B368FF /* PuzzleInput.swift */; };
		AF2CCB4C293922E900B368FF /* PuzzleInput.txt in Resources */ = {isa = PBXBuildFile; fileRef = AF2CCB4B293922E900B368FF /* PuzzleInput.txt */; };
		AF2CCB4E293922F000B368FF /* PuzzleInputTEST.txt in Resources */ = {isa = PBXBuildFile; fileRef = AF2CCB4D293922F000B368FF /* PuzzleInputTEST.txt */; };
		AF2CCB52293A62D900B368FF /* ElfView.swift in Sources */ = {isa = PBXBuildFile; fileRef = AF2CCB51293A62D900B368FF /* ElfView.swift */; };
/* End PBXBuildFile section */

/* Begin PBXFileReference section */
		AF2CCB362939170A00B368FF /* AOCDay01.app */ = {isa = PBXFileReference; explicitFileType = wrapper.application; includeInIndex = 0; path = AOCDay01.app; sourceTree = BUILT_PRODUCTS_DIR; };
		AF2CCB392939170A00B368FF /* AOCDay01App.swift */ = {isa = PBXFileReference; lastKnownFileType = sourcecode.swift; path = AOCDay01App.swift; sourceTree = "<group>"; };
		AF2CCB3B2939170A00B368FF /* ContentView.swift */ = {isa = PBXFileReference; lastKnownFileType = sourcecode.swift; path = ContentView.swift; sourceTree = "<group>"; };
		AF2CCB3D2939170B00B368FF /* Assets.xcassets */ = {isa = PBXFileReference; lastKnownFileType = folder.assetcatalog; path = Assets.xcassets; sourceTree = "<group>"; };
		AF2CCB402939170B00B368FF /* Preview Assets.xcassets */ = {isa = PBXFileReference; lastKnownFileType = folder.assetcatalog; path = "Preview Assets.xcassets"; sourceTree = "<group>"; };
		AF2CCB472939173200B368FF /* PuzzleInput.swift */ = {isa = PBXFileReference; lastKnownFileType = sourcecode.swift; path = PuzzleInput.swift; sourceTree = "<group>"; };
		AF2CCB4B293922E900B368FF /* PuzzleInput.txt */ = {isa = PBXFileReference; fileEncoding = 4; lastKnownFileType = text; path = PuzzleInput.txt; sourceTree = "<group>"; };
		AF2CCB4D293922F000B368FF /* PuzzleInputTEST.txt */ = {isa = PBXFileReference; fileEncoding = 4; lastKnownFileType = text; path = PuzzleInputTEST.txt; sourceTree = "<group>"; };
		AF2CCB51293A62D900B368FF /* ElfView.swift */ = {isa = PBXFileReference; lastKnownFileType = sourcecode.swift; path = ElfView.swift; sourceTree = "<group>"; };
/* End PBXFileReference section */

/* Begin PBXFrameworksBuildPhase section */
		AF2CCB332939170A00B368FF /* Frameworks */ = {
			isa = PBXFrameworksBuildPhase;
			buildActionMask = 2147483647;
			files = (
			);
			runOnlyForDeploymentPostprocessing = 0;
		};
/* End PBXFrameworksBuildPhase section */

/* Begin PBXGroup section */
		AF2CCB2D2939170A00B368FF = {
			isa = PBXGroup;
			children = (
				AF2CCB382939170A00B368FF /* AOCDay01 */,
				AF2CCB372939170A00B368FF /* Products */,
			);
			sourceTree = "<group>";
		};
		AF2CCB372939170A00B368FF /* Products */ = {
			isa = PBXGroup;
			children = (
				AF2CCB362939170A00B368FF /* AOCDay01.app */,
			);
			name = Products;
			sourceTree = "<group>";
		};
		AF2CCB382939170A00B368FF /* AOCDay01 */ = {
			isa = PBXGroup;
			children = (
				AF2CCB392939170A00B368FF /* AOCDay01App.swift */,
				AF2CCB3B2939170A00B368FF /* ContentView.swift */,
				AF2CCB472939173200B368FF /* PuzzleInput.swift */,
				AF2CCB51293A62D900B368FF /* ElfView.swift */,
				AF2CCB4F293922FD00B368FF /* Resources */,
				AF2CCB3D2939170B00B368FF /* Assets.xcassets */,
				AF2CCB3F2939170B00B368FF /* Preview Content */,
			);
			path = AOCDay01;
			sourceTree = "<group>";
		};
		AF2CCB3F2939170B00B368FF /* Preview Content */ = {
			isa = PBXGroup;
			children = (
				AF2CCB402939170B00B368FF /* Preview Assets.xcassets */,
			);
			path = "Preview Content";
			sourceTree = "<group>";
		};
		AF2CCB4F293922FD00B368FF /* Resources */ = {
			isa = PBXGroup;
			children = (
				AF2CCB4B293922E900B368FF /* PuzzleInput.txt */,
				AF2CCB4D293922F000B368FF /* PuzzleInputTEST.txt */,
			);
			path = Resources;
			sourceTree = "<group>";
		};
/* End PBXGroup section */

/* Begin PBXNativeTarget section */
		AF2CCB352939170A00B368FF /* AOCDay01 */ = {
			isa = PBXNativeTarget;
			buildConfigurationList = AF2CCB442939170B00B368FF /* Build configuration list for PBXNativeTarget "AOCDay01" */;
			buildPhases = (
				AF2CCB322939170A00B368FF /* Sources */,
				AF2CCB332939170A00B368FF /* Frameworks */,
				AF2CCB342939170A00B368FF /* Resources */,
			);
			buildRules = (
			);
			dependencies = (
			);
			name = AOCDay01;
			productName = AOCDay01;
			productReference = AF2CCB362939170A00B368FF /* AOCDay01.app */;
			productType = "com.apple.product-type.application";
		};
/* End PBXNativeTarget section */

/* Begin PBXProject section */
		AF2CCB2E2939170A00B368FF /* Project object */ = {
			isa = PBXProject;
			attributes = {
				BuildIndependentTargetsInParallel = 1;
				LastSwiftUpdateCheck = 1410;
				LastUpgradeCheck = 1410;
				TargetAttributes = {
					AF2CCB352939170A00B368FF = {
						CreatedOnToolsVersion = 14.1;
					};
				};
			};
			buildConfigurationList = AF2CCB312939170A00B368FF /* Build configuration list for PBXProject "AOCDay01" */;
			compatibilityVersion = "Xcode 14.0";
			developmentRegion = en;
			hasScannedForEncodings = 0;
			knownRegions = (
				en,
				Base,
			);
			mainGroup = AF2CCB2D2939170A00B368FF;
			productRefGroup = AF2CCB372939170A00B368FF /* Products */;
			projectDirPath = "";
			projectRoot = "";
			targets = (
				AF2CCB352939170A00B368FF /* AOCDay01 */,
			);
		};
/* End PBXProject section */

/* Begin PBXResourcesBuildPhase section */
		AF2CCB342939170A00B368FF /* Resources */ = {
			isa = PBXResourcesBuildPhase;
			buildActionMask = 2147483647;
			files = (
				AF2CCB412939170B00B368FF /* Preview Assets.xcassets in Resources */,
				AF2CCB4C293922E900B368FF /* PuzzleInput.txt in Resources */,
				AF2CCB3E2939170B00B368FF /* Assets.xcassets in Resources */,
				AF2CCB4E293922F000B368FF /* PuzzleInputTEST.txt in Resources */,
			);
			runOnlyForDeploymentPostprocessing = 0;
		};
/* End PBXResourcesBuildPhase section */

/* Begin PBXSourcesBuildPhase section */
		AF2CCB322939170A00B368FF /* Sources */ = {
			isa = PBXSourcesBuildPhase;
			buildActionMask = 2147483647;
			files = (
				AF2CCB3C2939170A00B368FF /* ContentView.swift in Sources */,
				AF2CCB3A2939170A00B368FF /* AOCDay01App.swift in Sources */,
				AF2CCB52293A62D900B368FF /* ElfView.swift in Sources */,
				AF2CCB482939173200B368FF /* PuzzleInput.swift in Sources */,
			);
			runOnlyForDeploymentPostprocessing = 0;
		};
/* End PBXSourcesBuildPhase section */

/* Begin XCBuildConfiguration section */
		AF2CCB422939170B00B368FF /* Debug */ = {
			isa = XCBuildConfiguration;
			buildSettings = {
				ALWAYS_SEARCH_USER_PATHS = NO;
				CLANG_ANALYZER_NONNULL = YES;
				CLANG_ANALYZER_NUMBER_OBJECT_CONVERSION = YES_AGGRESSIVE;
				CLANG_CXX_LANGUAGE_STANDARD = "gnu++20";
				CLANG_ENABLE_MODULES = YES;
				CLANG_ENABLE_OBJC_ARC = YES;
				CLANG_ENABLE_OBJC_WEAK = YES;
				CLANG_WARN_BLOCK_CAPTURE_AUTORELEASING = YES;
				CLANG_WARN_BOOL_CONVERSION = YES;
				CLANG_WARN_COMMA = YES;
				CLANG_WARN_CONSTANT_CONVERSION = YES;
				CLANG_WARN_DEPRECATED_OBJC_IMPLEMENTATIONS = YES;
				CLANG_WARN_DIRECT_OBJC_ISA_USAGE = YES_ERROR;
				CLANG_WARN_DOCUMENTATION_COMMENTS = YES;
				CLANG_WARN_EMPTY_BODY = YES;
				CLANG_WARN_ENUM_CONVERSION = YES;
				CLANG_WARN_INFINITE_RECURSION = YES;
				CLANG_WARN_INT_CONVERSION = YES;
				CLANG_WARN_NON_LITERAL_NULL_CONVERSION = YES;
				CLANG_WARN_OBJC_IMPLICIT_RETAIN_SELF = YES;
				CLANG_WARN_OBJC_LITERAL_CONVERSION = YES;
				CLANG_WARN_OBJC_ROOT_CLASS = YES_ERROR;
				CLANG_WARN_QUOTED_INCLUDE_IN_FRAMEWORK_HEADER = YES;
				CLANG_WARN_RANGE_LOOP_ANALYSIS = YES;
				CLANG_WARN_STRICT_PROTOTYPES = YES;
				CLANG_WARN_SUSPICIOUS_MOVE = YES;
				CLANG_WARN_UNGUARDED_AVAILABILITY = YES_AGGRESSIVE;
				CLANG_WARN_UNREACHABLE_CODE = YES;
				CLANG_WARN__DUPLICATE_METHOD_MATCH = YES;
				COPY_PHASE_STRIP = NO;
				DEBUG_INFORMATION_FORMAT = dwarf;
				ENABLE_STRICT_OBJC_MSGSEND = YES;
				ENABLE_TESTABILITY = YES;
				GCC_C_LANGUAGE_STANDARD = gnu11;
				GCC_DYNAMIC_NO_PIC = NO;
				GCC_NO_COMMON_BLOCKS = YES;
				GCC_OPTIMIZATION_LEVEL = 0;
				GCC_PREPROCESSOR_DEFINITIONS = (
					"DEBUG=1",
					"$(inherited)",
				);
				GCC_WARN_64_TO_32_BIT_CONVERSION = YES;
				GCC_WARN_ABOUT_RETURN_TYPE = YES_ERROR;
				GCC_WARN_UNDECLARED_SELECTOR = YES;
				GCC_WARN_UNINITIALIZED_AUTOS = YES_AGGRESSIVE;
				GCC_WARN_UNUSED_FUNCTION = YES;
				GCC_WARN_UNUSED_VARIABLE = YES;
				IPHONEOS_DEPLOYMENT_TARGET = 16.1;
				MTL_ENABLE_DEBUG_INFO = INCLUDE_SOURCE;
				MTL_FAST_MATH = YES;
				ONLY_ACTIVE_ARCH = YES;
				SDKROOT = iphoneos;
				SWIFT_ACTIVE_COMPILATION_CONDITIONS = DEBUG;
				SWIFT_OPTIMIZATION_LEVEL = "-Onone";
			};
			name = Debug;
		};
		AF2CCB432939170B00B368FF /* Release */ = {
			isa = XCBuildConfiguration;
			buildSettings = {
				ALWAYS_SEARCH_USER_PATHS = NO;
				CLANG_ANALYZER_NONNULL = YES;
				CLANG_ANALYZER_NUMBER_OBJECT_CONVERSION = YES_AGGRESSIVE;
				CLANG_CXX_LANGUAGE_STANDARD = "gnu++20";
				CLANG_ENABLE_MODULES = YES;
				CLANG_ENABLE_OBJC_ARC = YES;
				CLANG_ENABLE_OBJC_WEAK = YES;
				CLANG_WARN_BLOCK_CAPTURE_AUTORELEASING = YES;
				CLANG_WARN_BOOL_CONVERSION = YES;
				CLANG_WARN_COMMA = YES;
				CLANG_WARN_CONSTANT_CONVERSION = YES;
				CLANG_WARN_DEPRECATED_OBJC_IMPLEMENTATIONS = YES;
				CLANG_WARN_DIRECT_OBJC_ISA_USAGE = YES_ERROR;
				CLANG_WARN_DOCUMENTATION_COMMENTS = YES;
				CLANG_WARN_EMPTY_BODY = YES;
				CLANG_WARN_ENUM_CONVERSION = YES;
				CLANG_WARN_INFINITE_RECURSION = YES;
				CLANG_WARN_INT_CONVERSION = YES;
				CLANG_WARN_NON_LITERAL_NULL_CONVERSION = YES;
				CLANG_WARN_OBJC_IMPLICIT_RETAIN_SELF = YES;
				CLANG_WARN_OBJC_LITERAL_CONVERSION = YES;
				CLANG_WARN_OBJC_ROOT_CLASS = YES_ERROR;
				CLANG_WARN_QUOTED_INCLUDE_IN_FRAMEWORK_HEADER = YES;
				CLANG_WARN_RANGE_LOOP_ANALYSIS = YES;
				CLANG_WARN_STRICT_PROTOTYPES = YES;
				CLANG_WARN_SUSPICIOUS_MOVE = YES;
				CLANG_WARN_UNGUARDED_AVAILABILITY = YES_AGGRESSIVE;
				CLANG_WARN_UNREACHABLE_CODE = YES;
				CLANG_WARN__DUPLICATE_METHOD_MATCH = YES;
				COPY_PHASE_STRIP = NO;
				DEBUG_INFORMATION_FORMAT = "dwarf-with-dsym";
				ENABLE_NS_ASSERTIONS = NO;
				ENABLE_STRICT_OBJC_MSGSEND = YES;
				GCC_C_LANGUAGE_STANDARD = gnu11;
				GCC_NO_COMMON_BLOCKS = YES;
				GCC_WARN_64_TO_32_BIT_CONVERSION = YES;
				GCC_WARN_ABOUT_RETURN_TYPE = YES_ERROR;
				GCC_WARN_UNDECLARED_SELECTOR = YES;
				GCC_WARN_UNINITIALIZED_AUTOS = YES_AGGRESSIVE;
				GCC_WARN_UNUSED_FUNCTION = YES;
				GCC_WARN_UNUSED_VARIABLE = YES;
				IPHONEOS_DEPLOYMENT_TARGET = 16.1;
				MTL_ENABLE_DEBUG_INFO = NO;
				MTL_FAST_MATH = YES;
				SDKROOT = iphoneos;
				SWIFT_COMPILATION_MODE = wholemodule;
				SWIFT_OPTIMIZATION_LEVEL = "-O";
				VALIDATE_PRODUCT = YES;
			};
			name = Release;
		};
		AF2CCB452939170B00B368FF /* Debug */ = {
			isa = XCBuildConfiguration;
			buildSettings = {
				ASSETCATALOG_COMPILER_APPICON_NAME = AppIcon;
				ASSETCATALOG_COMPILER_GLOBAL_ACCENT_COLOR_NAME = AccentColor;
				CODE_SIGN_STYLE = Automatic;
				CURRENT_PROJECT_VERSION = 1;
				DEVELOPMENT_ASSET_PATHS = "\"AOCDay01/Preview Content\"";
				DEVELOPMENT_TEAM = 8369TNNCWH;
				ENABLE_PREVIEWS = YES;
				GENERATE_INFOPLIST_FILE = YES;
				INFOPLIST_KEY_UIApplicationSceneManifest_Generation = YES;
				INFOPLIST_KEY_UIApplicationSupportsIndirectInputEvents = YES;
				INFOPLIST_KEY_UILaunchScreen_Generation = YES;
				INFOPLIST_KEY_UISupportedInterfaceOrientations_iPad = "UIInterfaceOrientationPortrait UIInterfaceOrientationPortraitUpsideDown UIInterfaceOrientationLandscapeLeft UIInterfaceOrientationLandscapeRight";
				INFOPLIST_KEY_UISupportedInterfaceOrientations_iPhone = "UIInterfaceOrientationPortrait UIInterfaceOrientationLandscapeLeft UIInterfaceOrientationLandscapeRight";
				LD_RUNPATH_SEARCH_PATHS = (
					"$(inherited)",
					"@executable_path/Frameworks",
				);
				MARKETING_VERSION = 1.0;
				PRODUCT_BUNDLE_IDENTIFIER = me.schwartz.marc.AOCDay01;
				PRODUCT_NAME = "$(TARGET_NAME)";
				SWIFT_EMIT_LOC_STRINGS = YES;
				SWIFT_VERSION = 5.0;
				TARGETED_DEVICE_FAMILY = "1,2";
			};
			name = Debug;
		};
		AF2CCB462939170B00B368FF /* Release */ = {
			isa = XCBuildConfiguration;
			buildSettings = {
				ASSETCATALOG_COMPILER_APPICON_NAME = AppIcon;
				ASSETCATALOG_COMPILER_GLOBAL_ACCENT_COLOR_NAME = AccentColor;
				CODE_SIGN_STYLE = Automatic;
				CURRENT_PROJECT_VERSION = 1;
				DEVELOPMENT_ASSET_PATHS = "\"AOCDay01/Preview Content\"";
				DEVELOPMENT_TEAM = 8369TNNCWH;
				ENABLE_PREVIEWS = YES;
				GENERATE_INFOPLIST_FILE = YES;
				INFOPLIST_KEY_UIApplicationSceneManifest_Generation = YES;
				INFOPLIST_KEY_UIApplicationSupportsIndirectInputEvents = YES;
				INFOPLIST_KEY_UILaunchScreen_Generation = YES;
				INFOPLIST_KEY_UISupportedInterfaceOrientations_iPad = "UIInterfaceOrientationPortrait UIInterfaceOrientationPortraitUpsideDown UIInterfaceOrientationLandscapeLeft UIInterfaceOrientationLandscapeRight";
				INFOPLIST_KEY_UISupportedInterfaceOrientations_iPhone = "UIInterfaceOrientationPortrait UIInterfaceOrientationLandscapeLeft UIInterfaceOrientationLandscapeRight";
				LD_RUNPATH_SEARCH_PATHS = (
					"$(inherited)",
					"@executable_path/Frameworks",
				);
				MARKETING_VERSION = 1.0;
				PRODUCT_BUNDLE_IDENTIFIER = me.schwartz.marc.AOCDay01;
				PRODUCT_NAME = "$(TARGET_NAME)";
				SWIFT_EMIT_LOC_STRINGS = YES;
				SWIFT_VERSION = 5.0;
				TARGETED_DEVICE_FAMILY = "1,2";
			};
			name = Release;
		};
/* End XCBuildConfiguration section */

/* Begin XCConfigurationList section */
		AF2CCB312939170A00B368FF /* Build configuration list for PBXProject "AOCDay01" */ = {
			isa = XCConfigurationList;
			buildConfigurations = (
				AF2CCB422939170B00B368FF /* Debug */,
				AF2CCB432939170B00B368FF /* Release */,
			);
			defaultConfigurationIsVisible = 0;
			defaultConfigurationName = Release;
		};
		AF2CCB442939170B00B368FF /* Build configuration list for PBXNativeTarget "AOCDay01" */ = {
			isa = XCConfigurationList;
			buildConfigurations = (
				AF2CCB452939170B00B368FF /* Debug */,
				AF2CCB462939170B00B368FF /* Release */,
			);
			defaultConfigurationIsVisible = 0;
			defaultConfigurationName = Release;
		};
/* End XCConfigurationList section */
	};
	rootObject = AF2CCB2E2939170A00B368FF /* Project object */;
}
